# This file is autogenerated, do not edit; changes may be undone by the next 'dep ensure'.


[[projects]]
  digest = "1:9b1e73ebf7e42d1b0a85b9f9c68d3bb39f1c8e29dd473e49a6dd31c736df9801"
  name = "github.com/gorilla/rpc"
  packages = ["."]
  pruneopts = "UT"
  revision = "22c016f3df3febe0c1f6727598b6389507e03a18"
  version = "v1.1.0"

[solve-meta]
  analyzer-name = "dep"
  analyzer-version = 1
  input-imports = ["github.com/gorilla/rpc"]
  solver-name = "gps-cdcl"
  solver-version = 1
